
Microsoft Visual Studio Solution File, Format Version 12.00
# Visual Studio Version 17
VisualStudioVersion = 17.5.33530.505
MinimumVisualStudioVersion = 10.0.40219.1
Project("{FAE04EC0-301F-11D3-BF4B-00C04F79EFBC}") = "Infection", "Infection.csproj", "{0164A57F-CA68-4313-BB54-2078B583C668}"
EndProject
Global
	GlobalSection(SolutionConfigurationPlatforms) = preSolution
		Debug|Any CPU = Debug|Any CPU
		Release|Any CPU = Release|Any CPU
	EndGlobalSection
	GlobalSection(ProjectConfigurationPlatforms) = postSolution
		{0164A57F-CA68-4313-BB54-2078B583C668}.Debug|Any CPU.ActiveCfg = Debug|Any CPU
		{0164A57F-CA68-4313-BB54-2078B583C668}.Debug|Any CPU.Build.0 = Debug|Any CPU
		{0164A57F-CA68-4313-BB54-2078B583C668}.Release|Any CPU.ActiveCfg = Release|Any CPU
		{0164A57F-CA68-4313-BB54-2078B583C668}.Release|Any CPU.Build.0 = Release|Any CPU
	EndGlobalSection
	GlobalSection(SolutionProperties) = preSolution
		HideSolutionNode = FALSE
	EndGlobalSection
	GlobalSection(ExtensibilityGlobals) = postSolution
		SolutionGuid = {F849A859-4F43-45E3-8DC8-68863C643573}
	EndGlobalSection
EndGlobal
